
Microsoft Visual Studio Solution File, Format Version 12.00
# Visual Studio Version 17
VisualStudioVersion = 17.0.31903.59
MinimumVisualStudioVersion = 10.0.40219.1
Project("{2150E333-8FDC-42A3-9474-1A3956D46DE8}") = "UsersService", "UsersService", "{ABBD71F6-D004-4861-9666-62D3CA9987D3}"
EndProject
Project("{FAE04EC0-301F-11D3-BF4B-00C04F79EFBC}") = "UsersService.API", "UsersService\UsersService.API\UsersService.API.csproj", "{7E0C71DE-AD85-495D-BEC7-BF14F286F7F0}"
EndProject
Project("{FAE04EC0-301F-11D3-BF4B-00C04F79EFBC}") = "UsersService.BLL", "UsersService\UsersService.BLL\UsersService.BLL.csproj", "{B225240A-C4B2-4721-8724-06547D732277}"
EndProject
Project("{FAE04EC0-301F-11D3-BF4B-00C04F79EFBC}") = "UsersService.DAL", "UsersService\UsersService.DAL\UsersService.DAL.csproj", "{23D25C08-6C05-4B65-B708-D83819A14314}"
EndProject
Project("{FAE04EC0-301F-11D3-BF4B-00C04F79EFBC}") = "UsersService.Domain", "UsersService\UsersService.Domain\UsersService.Domain.csproj", "{C55530BA-AD6D-4378-9AE5-C3CC14ED2C2D}"
EndProject
Project("{2150E333-8FDC-42A3-9474-1A3956D46DE8}") = "OrderService", "OrderService", "{02EA681E-C7D8-13C7-8484-4AC65E1B71E8}"
EndProject
Project("{FAE04EC0-301F-11D3-BF4B-00C04F79EFBC}") = "OrderService.API", "OrderService\OrderService.API\OrderService.API.csproj", "{CDFA81E8-979B-BA2D-9FA5-BBDE9D7E0021}"
EndProject
Project("{FAE04EC0-301F-11D3-BF4B-00C04F79EFBC}") = "OrderService.BLL", "OrderService\OrderService.BLL\OrderService.BLL.csproj", "{54847831-1F01-256B-B5A2-6047F12A590E}"
EndProject
Project("{FAE04EC0-301F-11D3-BF4B-00C04F79EFBC}") = "OrderService.DAL", "OrderService\OrderService.DAL\OrderService.DAL.csproj", "{916F7F23-A0F9-8234-8CF2-A3D4720DFCD7}"
EndProject
Project("{FAE04EC0-301F-11D3-BF4B-00C04F79EFBC}") = "OrderService.Domain", "OrderService\OrderService.Domain\OrderService.Domain.csproj", "{22427C13-8922-786F-A912-FF5D67196AD7}"
EndProject
Project("{2150E333-8FDC-42A3-9474-1A3956D46DE8}") = "ReviewService", "ReviewService", "{500CE498-2DE3-4957-8029-5945FEE9BE45}"
EndProject
Project("{FAE04EC0-301F-11D3-BF4B-00C04F79EFBC}") = "ReviewService.API", "ReviewService\ReviewService.API\ReviewService.API.csproj", "{72760FAD-01D3-C48D-41CA-ACFF4C8B04F3}"
EndProject
Project("{FAE04EC0-301F-11D3-BF4B-00C04F79EFBC}") = "ReviewService.Application", "ReviewService\ReviewService.Application\ReviewService.Application.csproj", "{2C52A962-6DDE-DC22-400E-6D3A4705E65E}"
EndProject
Project("{FAE04EC0-301F-11D3-BF4B-00C04F79EFBC}") = "ReviewService.Domain", "ReviewService\ReviewService.Domain\ReviewService.Domain.csproj", "{BB5076E8-5A1F-9F3C-6F4C-E9045B1EB95F}"
EndProject
Project("{FAE04EC0-301F-11D3-BF4B-00C04F79EFBC}") = "ReviewService.Infrastructure", "ReviewService\ReviewService.Infrastructure\ReviewService.Infrastructure.csproj", "{62DE1A3D-608A-EB3E-520D-D4655BF30A92}"
EndProject
Project("{2150E333-8FDC-42A3-9474-1A3956D46DE8}") = "CatalogService", "CatalogService", "{E399426C-2DB4-4473-87F1-8C4090A15D7B}"
EndProject
Project("{FAE04EC0-301F-11D3-BF4B-00C04F79EFBC}") = "CatalogService.API", "CatalogService\CatalogService.API\CatalogService.API.csproj", "{E06AF69D-E73E-AB59-4361-20B78BCA4EF2}"
EndProject
Project("{FAE04EC0-301F-11D3-BF4B-00C04F79EFBC}") = "CatalogService.BLL", "CatalogService\CatalogService.BLL\CatalogService.BLL.csproj", "{6F14EBDE-8913-ADC8-FCC6-EE04146944C3}"
EndProject
Project("{FAE04EC0-301F-11D3-BF4B-00C04F79EFBC}") = "CatalogService.DAL", "CatalogService\CatalogService.DAL\CatalogService.DAL.csproj", "{DE38B464-164E-D080-C36F-DE36D9547A43}"
EndProject
Project("{FAE04EC0-301F-11D3-BF4B-00C04F79EFBC}") = "CatalogService.Domain", "CatalogService\CatalogService.Domain\CatalogService.Domain.csproj", "{FF1C6316-C7CF-3EFF-4E12-F2D3B5E11602}"
EndProject
Project("{FAE04EC0-301F-11D3-BF4B-00C04F79EFBC}") = "AppHost", "AppHost\AppHost.csproj", "{A2FEEB3E-FF3A-456A-8643-DFAE92103CD0}"
EndProject
Project("{FAE04EC0-301F-11D3-BF4B-00C04F79EFBC}") = "Gateway", "Gateway\Gateway.csproj", "{2CADB68C-FB3B-D474-56C8-AE901F365B9C}"
EndProject
Project("{FAE04EC0-301F-11D3-BF4B-00C04F79EFBC}") = "shared", "shared\shared.csproj", "{3080AC11-B398-44DB-83D6-E212ADF8FA54}"
EndProject
Project("{FAE04EC0-301F-11D3-BF4B-00C04F79EFBC}") = "AggregatorService", "AggregatorService\AggregatorService.csproj", "{118BABD1-1719-064E-189C-7604804884E4}"
EndProject
Global
	GlobalSection(SolutionConfigurationPlatforms) = preSolution
		Debug|Any CPU = Debug|Any CPU
		Release|Any CPU = Release|Any CPU
	EndGlobalSection
	GlobalSection(ProjectConfigurationPlatforms) = postSolution
		{7E0C71DE-AD85-495D-BEC7-BF14F286F7F0}.Debug|Any CPU.ActiveCfg = Debug|Any CPU
		{7E0C71DE-AD85-495D-BEC7-BF14F286F7F0}.Debug|Any CPU.Build.0 = Debug|Any CPU
		{7E0C71DE-AD85-495D-BEC7-BF14F286F7F0}.Release|Any CPU.ActiveCfg = Release|Any CPU
		{7E0C71DE-AD85-495D-BEC7-BF14F286F7F0}.Release|Any CPU.Build.0 = Release|Any CPU
		{B225240A-C4B2-4721-8724-06547D732277}.Debug|Any CPU.ActiveCfg = Debug|Any CPU
		{B225240A-C4B2-4721-8724-06547D732277}.Debug|Any CPU.Build.0 = Debug|Any CPU
		{B225240A-C4B2-4721-8724-06547D732277}.Release|Any CPU.ActiveCfg = Release|Any CPU
		{B225240A-C4B2-4721-8724-06547D732277}.Release|Any CPU.Build.0 = Release|Any CPU
		{23D25C08-6C05-4B65-B708-D83819A14314}.Debug|Any CPU.ActiveCfg = Debug|Any CPU
		{23D25C08-6C05-4B65-B708-D83819A14314}.Debug|Any CPU.Build.0 = Debug|Any CPU
		{23D25C08-6C05-4B65-B708-D83819A14314}.Release|Any CPU.ActiveCfg = Release|Any CPU
		{23D25C08-6C05-4B65-B708-D83819A14314}.Release|Any CPU.Build.0 = Release|Any CPU
		{C55530BA-AD6D-4378-9AE5-C3CC14ED2C2D}.Debug|Any CPU.ActiveCfg = Debug|Any CPU
		{C55530BA-AD6D-4378-9AE5-C3CC14ED2C2D}.Debug|Any CPU.Build.0 = Debug|Any CPU
		{C55530BA-AD6D-4378-9AE5-C3CC14ED2C2D}.Release|Any CPU.ActiveCfg = Release|Any CPU
		{C55530BA-AD6D-4378-9AE5-C3CC14ED2C2D}.Release|Any CPU.Build.0 = Release|Any CPU
		{CDFA81E8-979B-BA2D-9FA5-BBDE9D7E0021}.Debug|Any CPU.ActiveCfg = Debug|Any CPU
		{CDFA81E8-979B-BA2D-9FA5-BBDE9D7E0021}.Debug|Any CPU.Build.0 = Debug|Any CPU
		{CDFA81E8-979B-BA2D-9FA5-BBDE9D7E0021}.Release|Any CPU.ActiveCfg = Release|Any CPU
		{CDFA81E8-979B-BA2D-9FA5-BBDE9D7E0021}.Release|Any CPU.Build.0 = Release|Any CPU
		{54847831-1F01-256B-B5A2-6047F12A590E}.Debug|Any CPU.ActiveCfg = Debug|Any CPU
		{54847831-1F01-256B-B5A2-6047F12A590E}.Debug|Any CPU.Build.0 = Debug|Any CPU
		{54847831-1F01-256B-B5A2-6047F12A590E}.Release|Any CPU.ActiveCfg = Release|Any CPU
		{54847831-1F01-256B-B5A2-6047F12A590E}.Release|Any CPU.Build.0 = Release|Any CPU
		{916F7F23-A0F9-8234-8CF2-A3D4720DFCD7}.Debug|Any CPU.ActiveCfg = Debug|Any CPU
		{916F7F23-A0F9-8234-8CF2-A3D4720DFCD7}.Debug|Any CPU.Build.0 = Debug|Any CPU
		{916F7F23-A0F9-8234-8CF2-A3D4720DFCD7}.Release|Any CPU.ActiveCfg = Release|Any CPU
		{916F7F23-A0F9-8234-8CF2-A3D4720DFCD7}.Release|Any CPU.Build.0 = Release|Any CPU
		{22427C13-8922-786F-A912-FF5D67196AD7}.Debug|Any CPU.ActiveCfg = Debug|Any CPU
		{22427C13-8922-786F-A912-FF5D67196AD7}.Debug|Any CPU.Build.0 = Debug|Any CPU
		{22427C13-8922-786F-A912-FF5D67196AD7}.Release|Any CPU.ActiveCfg = Release|Any CPU
		{22427C13-8922-786F-A912-FF5D67196AD7}.Release|Any CPU.Build.0 = Release|Any CPU
		{72760FAD-01D3-C48D-41CA-ACFF4C8B04F3}.Debug|Any CPU.ActiveCfg = Debug|Any CPU
		{72760FAD-01D3-C48D-41CA-ACFF4C8B04F3}.Debug|Any CPU.Build.0 = Debug|Any CPU
		{72760FAD-01D3-C48D-41CA-ACFF4C8B04F3}.Release|Any CPU.ActiveCfg = Release|Any CPU
		{72760FAD-01D3-C48D-41CA-ACFF4C8B04F3}.Release|Any CPU.Build.0 = Release|Any CPU
		{2C52A962-6DDE-DC22-400E-6D3A4705E65E}.Debug|Any CPU.ActiveCfg = Debug|Any CPU
		{2C52A962-6DDE-DC22-400E-6D3A4705E65E}.Debug|Any CPU.Build.0 = Debug|Any CPU
		{2C52A962-6DDE-DC22-400E-6D3A4705E65E}.Release|Any CPU.ActiveCfg = Release|Any CPU
		{2C52A962-6DDE-DC22-400E-6D3A4705E65E}.Release|Any CPU.Build.0 = Release|Any CPU
		{BB5076E8-5A1F-9F3C-6F4C-E9045B1EB95F}.Debug|Any CPU.ActiveCfg = Debug|Any CPU
		{BB5076E8-5A1F-9F3C-6F4C-E9045B1EB95F}.Debug|Any CPU.Build.0 = Debug|Any CPU
		{BB5076E8-5A1F-9F3C-6F4C-E9045B1EB95F}.Release|Any CPU.ActiveCfg = Release|Any CPU
		{BB5076E8-5A1F-9F3C-6F4C-E9045B1EB95F}.Release|Any CPU.Build.0 = Release|Any CPU
		{62DE1A3D-608A-EB3E-520D-D4655BF30A92}.Debug|Any CPU.ActiveCfg = Debug|Any CPU
		{62DE1A3D-608A-EB3E-520D-D4655BF30A92}.Debug|Any CPU.Build.0 = Debug|Any CPU
		{62DE1A3D-608A-EB3E-520D-D4655BF30A92}.Release|Any CPU.ActiveCfg = Release|Any CPU
		{62DE1A3D-608A-EB3E-520D-D4655BF30A92}.Release|Any CPU.Build.0 = Release|Any CPU
		{E06AF69D-E73E-AB59-4361-20B78BCA4EF2}.Debug|Any CPU.ActiveCfg = Debug|Any CPU
		{E06AF69D-E73E-AB59-4361-20B78BCA4EF2}.Debug|Any CPU.Build.0 = Debug|Any CPU
		{E06AF69D-E73E-AB59-4361-20B78BCA4EF2}.Release|Any CPU.ActiveCfg = Release|Any CPU
		{E06AF69D-E73E-AB59-4361-20B78BCA4EF2}.Release|Any CPU.Build.0 = Release|Any CPU
		{6F14EBDE-8913-ADC8-FCC6-EE04146944C3}.Debug|Any CPU.ActiveCfg = Debug|Any CPU
		{6F14EBDE-8913-ADC8-FCC6-EE04146944C3}.Debug|Any CPU.Build.0 = Debug|Any CPU
		{6F14EBDE-8913-ADC8-FCC6-EE04146944C3}.Release|Any CPU.ActiveCfg = Release|Any CPU
		{6F14EBDE-8913-ADC8-FCC6-EE04146944C3}.Release|Any CPU.Build.0 = Release|Any CPU
		{DE38B464-164E-D080-C36F-DE36D9547A43}.Debug|Any CPU.ActiveCfg = Debug|Any CPU
		{DE38B464-164E-D080-C36F-DE36D9547A43}.Debug|Any CPU.Build.0 = Debug|Any CPU
		{DE38B464-164E-D080-C36F-DE36D9547A43}.Release|Any CPU.ActiveCfg = Release|Any CPU
		{DE38B464-164E-D080-C36F-DE36D9547A43}.Release|Any CPU.Build.0 = Release|Any CPU
		{FF1C6316-C7CF-3EFF-4E12-F2D3B5E11602}.Debug|Any CPU.ActiveCfg = Debug|Any CPU
		{FF1C6316-C7CF-3EFF-4E12-F2D3B5E11602}.Debug|Any CPU.Build.0 = Debug|Any CPU
		{FF1C6316-C7CF-3EFF-4E12-F2D3B5E11602}.Release|Any CPU.ActiveCfg = Release|Any CPU
		{FF1C6316-C7CF-3EFF-4E12-F2D3B5E11602}.Release|Any CPU.Build.0 = Release|Any CPU
		{A2FEEB3E-FF3A-456A-8643-DFAE92103CD0}.Debug|Any CPU.ActiveCfg = Debug|Any CPU
		{A2FEEB3E-FF3A-456A-8643-DFAE92103CD0}.Debug|Any CPU.Build.0 = Debug|Any CPU
		{A2FEEB3E-FF3A-456A-8643-DFAE92103CD0}.Release|Any CPU.ActiveCfg = Release|Any CPU
		{A2FEEB3E-FF3A-456A-8643-DFAE92103CD0}.Release|Any CPU.Build.0 = Release|Any CPU
		{2CADB68C-FB3B-D474-56C8-AE901F365B9C}.Debug|Any CPU.ActiveCfg = Debug|Any CPU
		{2CADB68C-FB3B-D474-56C8-AE901F365B9C}.Debug|Any CPU.Build.0 = Debug|Any CPU
		{2CADB68C-FB3B-D474-56C8-AE901F365B9C}.Release|Any CPU.ActiveCfg = Release|Any CPU
		{2CADB68C-FB3B-D474-56C8-AE901F365B9C}.Release|Any CPU.Build.0 = Release|Any CPU
		{3080AC11-B398-44DB-83D6-E212ADF8FA54}.Debug|Any CPU.ActiveCfg = Debug|Any CPU
		{3080AC11-B398-44DB-83D6-E212ADF8FA54}.Debug|Any CPU.Build.0 = Debug|Any CPU
		{3080AC11-B398-44DB-83D6-E212ADF8FA54}.Release|Any CPU.ActiveCfg = Release|Any CPU
		{3080AC11-B398-44DB-83D6-E212ADF8FA54}.Release|Any CPU.Build.0 = Release|Any CPU
		{118BABD1-1719-064E-189C-7604804884E4}.Debug|Any CPU.ActiveCfg = Debug|Any CPU
		{118BABD1-1719-064E-189C-7604804884E4}.Debug|Any CPU.Build.0 = Debug|Any CPU
		{118BABD1-1719-064E-189C-7604804884E4}.Release|Any CPU.ActiveCfg = Release|Any CPU
		{118BABD1-1719-064E-189C-7604804884E4}.Release|Any CPU.Build.0 = Release|Any CPU
	EndGlobalSection
	GlobalSection(SolutionProperties) = preSolution
		HideSolutionNode = FALSE
	EndGlobalSection
	GlobalSection(NestedProjects) = preSolution
		{7E0C71DE-AD85-495D-BEC7-BF14F286F7F0} = {ABBD71F6-D004-4861-9666-62D3CA9987D3}
		{B225240A-C4B2-4721-8724-06547D732277} = {ABBD71F6-D004-4861-9666-62D3CA9987D3}
		{23D25C08-6C05-4B65-B708-D83819A14314} = {ABBD71F6-D004-4861-9666-62D3CA9987D3}
		{C55530BA-AD6D-4378-9AE5-C3CC14ED2C2D} = {ABBD71F6-D004-4861-9666-62D3CA9987D3}
		{CDFA81E8-979B-BA2D-9FA5-BBDE9D7E0021} = {02EA681E-C7D8-13C7-8484-4AC65E1B71E8}
		{54847831-1F01-256B-B5A2-6047F12A590E} = {02EA681E-C7D8-13C7-8484-4AC65E1B71E8}
		{916F7F23-A0F9-8234-8CF2-A3D4720DFCD7} = {02EA681E-C7D8-13C7-8484-4AC65E1B71E8}
		{22427C13-8922-786F-A912-FF5D67196AD7} = {02EA681E-C7D8-13C7-8484-4AC65E1B71E8}
		{72760FAD-01D3-C48D-41CA-ACFF4C8B04F3} = {500CE498-2DE3-4957-8029-5945FEE9BE45}
		{2C52A962-6DDE-DC22-400E-6D3A4705E65E} = {500CE498-2DE3-4957-8029-5945FEE9BE45}
		{BB5076E8-5A1F-9F3C-6F4C-E9045B1EB95F} = {500CE498-2DE3-4957-8029-5945FEE9BE45}
		{62DE1A3D-608A-EB3E-520D-D4655BF30A92} = {500CE498-2DE3-4957-8029-5945FEE9BE45}
		{E06AF69D-E73E-AB59-4361-20B78BCA4EF2} = {E399426C-2DB4-4473-87F1-8C4090A15D7B}
		{6F14EBDE-8913-ADC8-FCC6-EE04146944C3} = {E399426C-2DB4-4473-87F1-8C4090A15D7B}
		{DE38B464-164E-D080-C36F-DE36D9547A43} = {E399426C-2DB4-4473-87F1-8C4090A15D7B}
		{FF1C6316-C7CF-3EFF-4E12-F2D3B5E11602} = {E399426C-2DB4-4473-87F1-8C4090A15D7B}
	EndGlobalSection
	GlobalSection(ExtensibilityGlobals) = postSolution
		SolutionGuid = {AF21AA19-D6BC-4A49-9686-C3139AE67324}
		       SolutionGuid = {DDA80D23-98FE-43BE-BA3E-10BFFA13CB46}
	EndGlobalSection
EndGlobal
